
Microsoft Visual Studio Solution File, Format Version 12.00
# Visual Studio Version 16
VisualStudioVersion = 16.0.29102.190
MinimumVisualStudioVersion = 10.0.40219.1
Project("{FAE04EC0-301F-11D3-BF4B-00C04F79EFBC}") = "Problemario", "Problemario\Problemario.csproj", "{8BAAA112-6BCB-4046-B7CA-647012F1CC8F}"
EndProject
Global
	GlobalSection(SolutionConfigurationPlatforms) = preSolution
		Debug|Any CPU = Debug|Any CPU
		Release|Any CPU = Release|Any CPU
	EndGlobalSection
	GlobalSection(ProjectConfigurationPlatforms) = postSolution
		{8BAAA112-6BCB-4046-B7CA-647012F1CC8F}.Debug|Any CPU.ActiveCfg = Debug|Any CPU
		{8BAAA112-6BCB-4046-B7CA-647012F1CC8F}.Debug|Any CPU.Build.0 = Debug|Any CPU
		{8BAAA112-6BCB-4046-B7CA-647012F1CC8F}.Release|Any CPU.ActiveCfg = Release|Any CPU
		{8BAAA112-6BCB-4046-B7CA-647012F1CC8F}.Release|Any CPU.Build.0 = Release|Any CPU
	EndGlobalSection
	GlobalSection(SolutionProperties) = preSolution
		HideSolutionNode = FALSE
	EndGlobalSection
	GlobalSection(ExtensibilityGlobals) = postSolution
		SolutionGuid = {D4638AD6-7C70-486E-9272-29D63C5DE904}
	EndGlobalSection
EndGlobal
